# THIS IS AN AUTOGENERATED FILE. DO NOT EDIT THIS FILE DIRECTLY.
# yarn lockfile v1


"@prisma/client@^5.12.1":
  version "5.14.0"
  resolved "https://registry.yarnpkg.com/@prisma/client/-/client-5.14.0.tgz#dadca5bb1137ddcebb454bbdaf89423823d3363f"
  integrity sha512-akMSuyvLKeoU4LeyBAUdThP/uhVP3GuLygFE3MlYzaCb3/J8SfsYBE5PkaFuLuVpLyA6sFoW+16z/aPhNAESqg==
